{
  "name": "macadam",
  "version": "2.0.3",
  "lockfileVersion": 1,
  "requires": true,
  "dependencies": {
    "bindings": {
      "version": "1.3.0",
      "resolved": "https://registry.npmjs.org/bindings/-/bindings-1.3.0.tgz",
      "integrity": "sha1-s0b27PapX1qBXFg5/HzbIlAvHtc="
    },
    "highland": {
      "version": "2.11.1",
      "resolved": "https://registry.npmjs.org/highland/-/highland-2.11.1.tgz",
      "integrity": "sha1-ObTZKZtuB9o9FeeveypvEnUirK8=",
      "requires": {
        "util-deprecate": "^1.0.2"
      }
    },
    "nan": {
      "version": "2.8.0",
      "resolved": "https://registry.npmjs.org/nan/-/nan-2.8.0.tgz",
      "integrity": "sha1-7XFfP+neArV6XmJS2QqWZ14fCFo=",
      "dev": true
    },
    "segfault-handler": {
      "version": "1.0.1",
      "resolved": "https://registry.npmjs.org/segfault-handler/-/segfault-handler-1.0.1.tgz",
      "integrity": "sha512-3koBV3F0IPxTYacnoL7WoFlaMndXsXj62tiVbbW9Kzp3K+F9Y6GWW5XmKSv7j+7nf2M+qjNzc4W1iZoa8vocjw==",
      "dev": true,
      "requires": {
        "bindings": "^1.2.1",
        "nan": "^2.0.9"
      }
    },
    "util-deprecate": {
      "version": "1.0.2",
      "resolved": "https://registry.npmjs.org/util-deprecate/-/util-deprecate-1.0.2.tgz",
      "integrity": "sha1-RQ1Nyfpw3nMnYvvS1KKJgUGaDM8="
    }
  }
}
